
Microsoft Visual Studio Solution File, Format Version 12.00
# Visual Studio 2013
Project("{FAE04EC0-301F-11D3-BF4B-00C04F79EFBC}") = "Jogo_de_Redes2.CSharp", "Jogo_de_Redes2.CSharp.csproj", "{9FDE91B8-E676-6ABB-1DC5-9717C2EE9161}"
EndProject
Global
	GlobalSection(SolutionConfigurationPlatforms) = preSolution
		Debug|Any CPU = Debug|Any CPU
		Release|Any CPU = Release|Any CPU
	EndGlobalSection
	GlobalSection(ProjectConfigurationPlatforms) = postSolution
		{9FDE91B8-E676-6ABB-1DC5-9717C2EE9161}.Debug|Any CPU.ActiveCfg = Debug|Any CPU
		{9FDE91B8-E676-6ABB-1DC5-9717C2EE9161}.Debug|Any CPU.Build.0 = Debug|Any CPU
		{9FDE91B8-E676-6ABB-1DC5-9717C2EE9161}.Release|Any CPU.ActiveCfg = Release|Any CPU
		{9FDE91B8-E676-6ABB-1DC5-9717C2EE9161}.Release|Any CPU.Build.0 = Release|Any CPU
	EndGlobalSection
	GlobalSection(SolutionProperties) = preSolution
		HideSolutionNode = FALSE
	EndGlobalSection
EndGlobal
